
Microsoft Visual Studio Solution File, Format Version 12.00
# Visual Studio Version 17
VisualStudioVersion = 17.7.34031.279
MinimumVisualStudioVersion = 10.0.40219.1
Project("{8BC9CEB8-8B4A-11D0-8D11-00A0C91BC942}") = "Practice 05 Read file", "Practice 05 Read file.vcxproj", "{7DC5BDA6-AA33-4B8F-B49A-EB00DC0F4100}"
EndProject
Global
	GlobalSection(SolutionConfigurationPlatforms) = preSolution
		Debug|x64 = Debug|x64
		Debug|x86 = Debug|x86
		Release|x64 = Release|x64
		Release|x86 = Release|x86
	EndGlobalSection
	GlobalSection(ProjectConfigurationPlatforms) = postSolution
		{7DC5BDA6-AA33-4B8F-B49A-EB00DC0F4100}.Debug|x64.ActiveCfg = Debug|x64
		{7DC5BDA6-AA33-4B8F-B49A-EB00DC0F4100}.Debug|x64.Build.0 = Debug|x64
		{7DC5BDA6-AA33-4B8F-B49A-EB00DC0F4100}.Debug|x86.ActiveCfg = Debug|Win32
		{7DC5BDA6-AA33-4B8F-B49A-EB00DC0F4100}.Debug|x86.Build.0 = Debug|Win32
		{7DC5BDA6-AA33-4B8F-B49A-EB00DC0F4100}.Release|x64.ActiveCfg = Release|x64
		{7DC5BDA6-AA33-4B8F-B49A-EB00DC0F4100}.Release|x64.Build.0 = Release|x64
		{7DC5BDA6-AA33-4B8F-B49A-EB00DC0F4100}.Release|x86.ActiveCfg = Release|Win32
		{7DC5BDA6-AA33-4B8F-B49A-EB00DC0F4100}.Release|x86.Build.0 = Release|Win32
	EndGlobalSection
	GlobalSection(SolutionProperties) = preSolution
		HideSolutionNode = FALSE
	EndGlobalSection
	GlobalSection(ExtensibilityGlobals) = postSolution
		SolutionGuid = {B6A1C462-80E9-436B-BA0C-19A7EAA00738}
	EndGlobalSection
EndGlobal
